// !$*UTF8*$!
{
	archiveVersion = 1;
	classes = {
	};
	objectVersion = 46;
	objects = {

/* Begin PBXBuildFile section */
		C17791101BB5B3ED002D837E /* AppDelegate.swift in Sources */ = {isa = PBXBuildFile; fileRef = C177910F1BB5B3ED002D837E /* AppDelegate.swift */; };
		C17791121BB5B3ED002D837E /* ViewController.swift in Sources */ = {isa = PBXBuildFile; fileRef = C17791111BB5B3ED002D837E /* ViewController.swift */; };
		C17791151BB5B3ED002D837E /* Main.storyboard in Resources */ = {isa = PBXBuildFile; fileRef = C17791131BB5B3ED002D837E /* Main.storyboard */; };
		C17791171BB5B3ED002D837E /* Assets.xcassets in Resources */ = {isa = PBXBuildFile; fileRef = C17791161BB5B3ED002D837E /* Assets.xcassets */; };
		C177911A1BB5B3ED002D837E /* LaunchScreen.storyboard in Resources */ = {isa = PBXBuildFile; fileRef = C17791181BB5B3ED002D837E /* LaunchScreen.storyboard */; };
		C17791251BB5B3ED002D837E /* First_ProjectTests.swift in Sources */ = {isa = PBXBuildFile; fileRef = C17791241BB5B3ED002D837E /* First_ProjectTests.swift */; };
		C17791301BB5B3ED002D837E /* First_ProjectUITests.swift in Sources */ = {isa = PBXBuildFile; fileRef = C177912F1BB5B3ED002D837E /* First_ProjectUITests.swift */; };
		C1BECCD51BDE95F600B860B6 /* fu in Resources */ = {isa = PBXBuildFile; fileRef = C1BECCD41BDE95F600B860B6 /* fu */; settings = {ASSET_TAGS = (); }; };
/* End PBXBuildFile section */

/* Begin PBXContainerItemProxy section */
		C17791211BB5B3ED002D837E /* PBXContainerItemProxy */ = {
			isa = PBXContainerItemProxy;
			containerPortal = C17791041BB5B3ED002D837E /* Project object */;
			proxyType = 1;
			remoteGlobalIDString = C177910B1BB5B3ED002D837E;
			remoteInfo = First_Project;
		};
		C177912C1BB5B3ED002D837E /* PBXContainerItemProxy */ = {
			isa = PBXContainerItemProxy;
			containerPortal = C17791041BB5B3ED002D837E /* Project object */;
			proxyType = 1;
			remoteGlobalIDString = C177910B1BB5B3ED002D837E;
			remoteInfo = First_Project;
		};
/* End PBXContainerItemProxy section */

/* Begin PBXFileReference section */
		C177910C1BB5B3ED002D837E /* First_Project.app */ = {isa = PBXFileReference; explicitFileType = wrapper.application; includeInIndex = 0; path = First_Project.app; sourceTree = BUILT_PRODUCTS_DIR; };
		C177910F1BB5B3ED002D837E /* AppDelegate.swift */ = {isa = PBXFileReference; lastKnownFileType = sourcecode.swift; path = AppDelegate.swift; sourceTree = "<group>"; };
		C17791111BB5B3ED002D837E /* ViewController.swift */ = {isa = PBXFileReference; lastKnownFileType = sourcecode.swift; path = ViewController.swift; sourceTree = "<group>"; };
		C17791141BB5B3ED002D837E /* Base */ = {isa = PBXFileReference; lastKnownFileType = file.storyboard; name = Base; path = Base.lproj/Main.storyboard; sourceTree = "<group>"; };
		C17791161BB5B3ED002D837E /* Assets.xcassets */ = {isa = PBXFileReference; lastKnownFileType = folder.assetcatalog; path = Assets.xcassets; sourceTree = "<group>"; };
		C17791191BB5B3ED002D837E /* Base */ = {isa = PBXFileReference; lastKnownFileType = file.storyboard; name = Base; path = Base.lproj/LaunchScreen.storyboard; sourceTree = "<group>"; };
		C177911B1BB5B3ED002D837E /* Info.plist */ = {isa = PBXFileReference; lastKnownFileType = text.plist.xml; path = Info.plist; sourceTree = "<group>"; };
		C17791201BB5B3ED002D837E /* First_ProjectTests.xctest */ = {isa = PBXFileReference; explicitFileType = wrapper.cfbundle; includeInIndex = 0; path = First_ProjectTests.xctest; sourceTree = BUILT_PRODUCTS_DIR; };
		C17791241BB5B3ED002D837E /* First_ProjectTests.swift */ = {isa = PBXFileReference; lastKnownFileType = sourcecode.swift; path = First_ProjectTests.swift; sourceTree = "<group>"; };
		C17791261BB5B3ED002D837E /* Info.plist */ = {isa = PBXFileReference; lastKnownFileType = text.plist.xml; path = Info.plist; sourceTree = "<group>"; };
		C177912B1BB5B3ED002D837E /* First_ProjectUITests.xctest */ = {isa = PBXFileReference; explicitFileType = wrapper.cfbundle; includeInIndex = 0; path = First_ProjectUITests.xctest; sourceTree = BUILT_PRODUCTS_DIR; };
		C177912F1BB5B3ED002D837E /* First_ProjectUITests.swift */ = {isa = PBXFileReference; lastKnownFileType = sourcecode.swift; path = First_ProjectUITests.swift; sourceTree = "<group>"; };
		C17791311BB5B3ED002D837E /* Info.plist */ = {isa = PBXFileReference; lastKnownFileType = text.plist.xml; path = Info.plist; sourceTree = "<group>"; };
		C1BECCD41BDE95F600B860B6 /* fu */ = {isa = PBXFileReference; fileEncoding = 4; lastKnownFileType = text; path = fu; sourceTree = "<group>"; };
/* End PBXFileReference section */

/* Begin PBXFrameworksBuildPhase section */
		C17791091BB5B3ED002D837E /* Frameworks */ = {
			isa = PBXFrameworksBuildPhase;
			buildActionMask = 2147483647;
			files = (
			);
			runOnlyForDeploymentPostprocessing = 0;
		};
		C177911D1BB5B3ED002D837E /* Frameworks */ = {
			isa = PBXFrameworksBuildPhase;
			buildActionMask = 2147483647;
			files = (
			);
			runOnlyForDeploymentPostprocessing = 0;
		};
		C17791281BB5B3ED002D837E /* Frameworks */ = {
			isa = PBXFrameworksBuildPhase;
			buildActionMask = 2147483647;
			files = (
			);
			runOnlyForDeploymentPostprocessing = 0;
		};
/* End PBXFrameworksBuildPhase section */

/* Begin PBXGroup section */
		C17791031BB5B3ED002D837E = {
			isa = PBXGroup;
			children = (
				C177910E1BB5B3ED002D837E /* First_Project */,
				C17791231BB5B3ED002D837E /* First_ProjectTests */,
				C177912E1BB5B3ED002D837E /* First_ProjectUITests */,
				C177910D1BB5B3ED002D837E /* Products */,
			);
			sourceTree = "<group>";
		};
		C177910D1BB5B3ED002D837E /* Products */ = {
			isa = PBXGroup;
			children = (
				C177910C1BB5B3ED002D837E /* First_Project.app */,
				C17791201BB5B3ED002D837E /* First_ProjectTests.xctest */,
				C177912B1BB5B3ED002D837E /* First_ProjectUITests.xctest */,
			);
			name = Products;
			sourceTree = "<group>";
		};
		C177910E1BB5B3ED002D837E /* First_Project */ = {
			isa = PBXGroup;
			children = (
				C177910F1BB5B3ED002D837E /* AppDelegate.swift */,
				C17791111BB5B3ED002D837E /* ViewController.swift */,
				C17791131BB5B3ED002D837E /* Main.storyboard */,
				C17791161BB5B3ED002D837E /* Assets.xcassets */,
				C17791181BB5B3ED002D837E /* LaunchScreen.storyboard */,
				C177911B1BB5B3ED002D837E /* Info.plist */,
				C1BECCD41BDE95F600B860B6 /* fu */,
			);
			path = First_Project;
			sourceTree = "<group>";
		};
		C17791231BB5B3ED002D837E /* First_ProjectTests */ = {
			isa = PBXGroup;
			children = (
				C17791241BB5B3ED002D837E /* First_ProjectTests.swift */,
				C17791261BB5B3ED002D837E /* Info.plist */,
			);
			path = First_ProjectTests;
			sourceTree = "<group>";
		};
		C177912E1BB5B3ED002D837E /* First_ProjectUITests */ = {
			isa = PBXGroup;
			children = (
				C177912F1BB5B3ED002D837E /* First_ProjectUITests.swift */,
				C17791311BB5B3ED002D837E /* Info.plist */,
			);
			path = First_ProjectUITests;
			sourceTree = "<group>";
		};
/* End PBXGroup section */

/* Begin PBXNativeTarget section */
		C177910B1BB5B3ED002D837E /* First_Project */ = {
			isa = PBXNativeTarget;
			buildConfigurationList = C17791341BB5B3ED002D837E /* Build configuration list for PBXNativeTarget "First_Project" */;
			buildPhases = (
				C17791081BB5B3ED002D837E /* Sources */,
				C17791091BB5B3ED002D837E /* Frameworks */,
				C177910A1BB5B3ED002D837E /* Resources */,
			);
			buildRules = (
			);
			dependencies = (
			);
			name = First_Project;
			productName = First_Project;
			productReference = C177910C1BB5B3ED002D837E /* First_Project.app */;
			productType = "com.apple.product-type.application";
		};
		C177911F1BB5B3ED002D837E /* First_ProjectTests */ = {
			isa = PBXNativeTarget;
			buildConfigurationList = C17791371BB5B3ED002D837E /* Build configuration list for PBXNativeTarget "First_ProjectTests" */;
			buildPhases = (
				C177911C1BB5B3ED002D837E /* Sources */,
				C177911D1BB5B3ED002D837E /* Frameworks */,
				C177911E1BB5B3ED002D837E /* Resources */,
			);
			buildRules = (
			);
			dependencies = (
				C17791221BB5B3ED002D837E /* PBXTargetDependency */,
			);
			name = First_ProjectTests;
			productName = First_ProjectTests;
			productReference = C17791201BB5B3ED002D837E /* First_ProjectTests.xctest */;
			productType = "com.apple.product-type.bundle.unit-test";
		};
		C177912A1BB5B3ED002D837E /* First_ProjectUITests */ = {
			isa = PBXNativeTarget;
			buildConfigurationList = C177913A1BB5B3ED002D837E /* Build configuration list for PBXNativeTarget "First_ProjectUITests" */;
			buildPhases = (
				C17791271BB5B3ED002D837E /* Sources */,
				C17791281BB5B3ED002D837E /* Frameworks */,
				C17791291BB5B3ED002D837E /* Resources */,
			);
			buildRules = (
			);
			dependencies = (
				C177912D1BB5B3ED002D837E /* PBXTargetDependency */,
			);
			name = First_ProjectUITests;
			productName = First_ProjectUITests;
			productReference = C177912B1BB5B3ED002D837E /* First_ProjectUITests.xctest */;
			productType = "com.apple.product-type.bundle.ui-testing";
		};
/* End PBXNativeTarget section */

/* Begin PBXProject section */
		C17791041BB5B3ED002D837E /* Project object */ = {
			isa = PBXProject;
			attributes = {
				LastUpgradeCheck = 0700;
				ORGANIZATIONNAME = block7;
				TargetAttributes = {
					C177910B1BB5B3ED002D837E = {
						CreatedOnToolsVersion = 7.0;
						DevelopmentTeam = K4Q3KJ8V2T;
					};
					C177911F1BB5B3ED002D837E = {
						CreatedOnToolsVersion = 7.0;
						DevelopmentTeam = K4Q3KJ8V2T;
						TestTargetID = C177910B1BB5B3ED002D837E;
					};
					C177912A1BB5B3ED002D837E = {
						CreatedOnToolsVersion = 7.0;
						DevelopmentTeam = K4Q3KJ8V2T;
						TestTargetID = C177910B1BB5B3ED002D837E;
					};
				};
			};
			buildConfigurationList = C17791071BB5B3ED002D837E /* Build configuration list for PBXProject "First_Project" */;
			compatibilityVersion = "Xcode 3.2";
			developmentRegion = English;
			hasScannedForEncodings = 0;
			knownRegions = (
				en,
				Base,
			);
			mainGroup = C17791031BB5B3ED002D837E;
			productRefGroup = C177910D1BB5B3ED002D837E /* Products */;
			projectDirPath = "";
			projectRoot = "";
			targets = (
				C177910B1BB5B3ED002D837E /* First_Project */,
				C177911F1BB5B3ED002D837E /* First_ProjectTests */,
				C177912A1BB5B3ED002D837E /* First_ProjectUITests */,
			);
		};
/* End PBXProject section */

/* Begin PBXResourcesBuildPhase section */
		C177910A1BB5B3ED002D837E /* Resources */ = {
			isa = PBXResourcesBuildPhase;
			buildActionMask = 2147483647;
			files = (
				C177911A1BB5B3ED002D837E /* LaunchScreen.storyboard in Resources */,
				C1BECCD51BDE95F600B860B6 /* fu in Resources */,
				C17791171BB5B3ED002D837E /* Assets.xcassets in Resources */,
				C17791151BB5B3ED002D837E /* Main.storyboard in Resources */,
			);
			runOnlyForDeploymentPostprocessing = 0;
		};
		C177911E1BB5B3ED002D837E /* Resources */ = {
			isa = PBXResourcesBuildPhase;
			buildActionMask = 2147483647;
			files = (
			);
			runOnlyForDeploymentPostprocessing = 0;
		};
		C17791291BB5B3ED002D837E /* Resources */ = {
			isa = PBXResourcesBuildPhase;
			buildActionMask = 2147483647;
			files = (
			);
			runOnlyForDeploymentPostprocessing = 0;
		};
/* End PBXResourcesBuildPhase section */

/* Begin PBXSourcesBuildPhase section */
		C17791081BB5B3ED002D837E /* Sources */ = {
			isa = PBXSourcesBuildPhase;
			buildActionMask = 2147483647;
			files = (
				C17791121BB5B3ED002D837E /* ViewController.swift in Sources */,
				C17791101BB5B3ED002D837E /* AppDelegate.swift in Sources */,
			);
			runOnlyForDeploymentPostprocessing = 0;
		};
		C177911C1BB5B3ED002D837E /* Sources */ = {
			isa = PBXSourcesBuildPhase;
			buildActionMask = 2147483647;
			files = (
				C17791251BB5B3ED002D837E /* First_ProjectTests.swift in Sources */,
			);
			runOnlyForDeploymentPostprocessing = 0;
		};
		C17791271BB5B3ED002D837E /* Sources */ = {
			isa = PBXSourcesBuildPhase;
			buildActionMask = 2147483647;
			files = (
				C17791301BB5B3ED002D837E /* First_ProjectUITests.swift in Sources */,
			);
			runOnlyForDeploymentPostprocessing = 0;
		};
/* End PBXSourcesBuildPhase section */

/* Begin PBXTargetDependency section */
		C17791221BB5B3ED002D837E /* PBXTargetDependency */ = {
			isa = PBXTargetDependency;
			target = C177910B1BB5B3ED002D837E /* First_Project */;
			targetProxy = C17791211BB5B3ED002D837E /* PBXContainerItemProxy */;
		};
		C177912D1BB5B3ED002D837E /* PBXTargetDependency */ = {
			isa = PBXTargetDependency;
			target = C177910B1BB5B3ED002D837E /* First_Project */;
			targetProxy = C177912C1BB5B3ED002D837E /* PBXContainerItemProxy */;
		};
/* End PBXTargetDependency section */

/* Begin PBXVariantGroup section */
		C17791131BB5B3ED002D837E /* Main.storyboard */ = {
			isa = PBXVariantGroup;
			children = (
				C17791141BB5B3ED002D837E /* Base */,
			);
			name = Main.storyboard;
			sourceTree = "<group>";
		};
		C17791181BB5B3ED002D837E /* LaunchScreen.storyboard */ = {
			isa = PBXVariantGroup;
			children = (
				C17791191BB5B3ED002D837E /* Base */,
			);
			name = LaunchScreen.storyboard;
			sourceTree = "<group>";
		};
/* End PBXVariantGroup section */

/* Begin XCBuildConfiguration section */
		C17791321BB5B3ED002D837E /* Debug */ = {
			isa = XCBuildConfiguration;
			buildSettings = {
				ALWAYS_SEARCH_USER_PATHS = NO;
				CLANG_CXX_LANGUAGE_STANDARD = "gnu++0x";
				CLANG_CXX_LIBRARY = "libc++";
				CLANG_ENABLE_MODULES = YES;
				CLANG_ENABLE_OBJC_ARC = YES;
				CLANG_WARN_BOOL_CONVERSION = YES;
				CLANG_WARN_CONSTANT_CONVERSION = YES;
				CLANG_WARN_DIRECT_OBJC_ISA_USAGE = YES_ERROR;
				CLANG_WARN_EMPTY_BODY = YES;
				CLANG_WARN_ENUM_CONVERSION = YES;
				CLANG_WARN_INT_CONVERSION = YES;
				CLANG_WARN_OBJC_ROOT_CLASS = YES_ERROR;
				CLANG_WARN_UNREACHABLE_CODE = YES;
				CLANG_WARN__DUPLICATE_METHOD_MATCH = YES;
				"CODE_SIGN_IDENTITY[sdk=iphoneos*]" = "iPhone Developer";
				COPY_PHASE_STRIP = NO;
				DEBUG_INFORMATION_FORMAT = dwarf;
				ENABLE_STRICT_OBJC_MSGSEND = YES;
				ENABLE_TESTABILITY = YES;
				GCC_C_LANGUAGE_STANDARD = gnu99;
				GCC_DYNAMIC_NO_PIC = NO;
				GCC_NO_COMMON_BLOCKS = YES;
				GCC_OPTIMIZATION_LEVEL = 0;
				GCC_PREPROCESSOR_DEFINITIONS = (
					"DEBUG=1",
					"$(inherited)",
				);
				GCC_WARN_64_TO_32_BIT_CONVERSION = YES;
				GCC_WARN_ABOUT_RETURN_TYPE = YES_ERROR;
				GCC_WARN_UNDECLARED_SELECTOR = YES;
				GCC_WARN_UNINITIALIZED_AUTOS = YES_AGGRESSIVE;
				GCC_WARN_UNUSED_FUNCTION = YES;
				GCC_WARN_UNUSED_VARIABLE = YES;
				IPHONEOS_DEPLOYMENT_TARGET = 9.0;
				MTL_ENABLE_DEBUG_INFO = YES;
				ONLY_ACTIVE_ARCH = YES;
				SDKROOT = iphoneos;
				SWIFT_OPTIMIZATION_LEVEL = "-Onone";
			};
			name = Debug;
		};
		C17791331BB5B3ED002D837E /* Release */ = {
			isa = XCBuildConfiguration;
			buildSettings = {
				ALWAYS_SEARCH_USER_PATHS = NO;
				CLANG_CXX_LANGUAGE_STANDARD = "gnu++0x";
				CLANG_CXX_LIBRARY = "libc++";
				CLANG_ENABLE_MODULES = YES;
				CLANG_ENABLE_OBJC_ARC = YES;
				CLANG_WARN_BOOL_CONVERSION = YES;
				CLANG_WARN_CONSTANT_CONVERSION = YES;
				CLANG_WARN_DIRECT_OBJC_ISA_USAGE = YES_ERROR;
				CLANG_WARN_EMPTY_BODY = YES;
				CLANG_WARN_ENUM_CONVERSION = YES;
				CLANG_WARN_INT_CONVERSION = YES;
				CLANG_WARN_OBJC_ROOT_CLASS = YES_ERROR;
				CLANG_WARN_UNREACHABLE_CODE = YES;
				CLANG_WARN__DUPLICATE_METHOD_MATCH = YES;
				"CODE_SIGN_IDENTITY[sdk=iphoneos*]" = "iPhone Developer";
				COPY_PHASE_STRIP = NO;
				DEBUG_INFORMATION_FORMAT = "dwarf-with-dsym";
				ENABLE_NS_ASSERTIONS = NO;
				ENABLE_STRICT_OBJC_MSGSEND = YES;
				GCC_C_LANGUAGE_STANDARD = gnu99;
				GCC_NO_COMMON_BLOCKS = YES;
				GCC_WARN_64_TO_32_BIT_CONVERSION = YES;
				GCC_WARN_ABOUT_RETURN_TYPE = YES_ERROR;
				GCC_WARN_UNDECLARED_SELECTOR = YES;
				GCC_WARN_UNINITIALIZED_AUTOS = YES_AGGRESSIVE;
				GCC_WARN_UNUSED_FUNCTION = YES;
				GCC_WARN_UNUSED_VARIABLE = YES;
				IPHONEOS_DEPLOYMENT_TARGET = 9.0;
				MTL_ENABLE_DEBUG_INFO = NO;
				SDKROOT = iphoneos;
				VALIDATE_PRODUCT = YES;
			};
			name = Release;
		};
		C17791351BB5B3ED002D837E /* Debug */ = {
			isa = XCBuildConfiguration;
			buildSettings = {
				ASSETCATALOG_COMPILER_APPICON_NAME = AppIcon;
				INFOPLIST_FILE = First_Project/Info.plist;
				LD_RUNPATH_SEARCH_PATHS = "$(inherited) @executable_path/Frameworks";
				PRODUCT_BUNDLE_IDENTIFIER = "mattm1.First-Project";
				PRODUCT_NAME = "$(TARGET_NAME)";
			};
			name = Debug;
		};
		C17791361BB5B3ED002D837E /* Release */ = {
			isa = XCBuildConfiguration;
			buildSettings = {
				ASSETCATALOG_COMPILER_APPICON_NAME = AppIcon;
				INFOPLIST_FILE = First_Project/Info.plist;
				LD_RUNPATH_SEARCH_PATHS = "$(inherited) @executable_path/Frameworks";
				PRODUCT_BUNDLE_IDENTIFIER = "mattm1.First-Project";
				PRODUCT_NAME = "$(TARGET_NAME)";
			};
			name = Release;
		};
		C17791381BB5B3ED002D837E /* Debug */ = {
			isa = XCBuildConfiguration;
			buildSettings = {
				BUNDLE_LOADER = "$(TEST_HOST)";
				INFOPLIST_FILE = First_ProjectTests/Info.plist;
				LD_RUNPATH_SEARCH_PATHS = "$(inherited) @executable_path/Frameworks @loader_path/Frameworks";
				PRODUCT_BUNDLE_IDENTIFIER = "mattm1.First-ProjectTests";
				PRODUCT_NAME = "$(TARGET_NAME)";
				TEST_HOST = "$(BUILT_PRODUCTS_DIR)/First_Project.app/First_Project";
			};
			name = Debug;
		};
		C17791391BB5B3ED002D837E /* Release */ = {
			isa = XCBuildConfiguration;
			buildSettings = {
				BUNDLE_LOADER = "$(TEST_HOST)";
				INFOPLIST_FILE = First_ProjectTests/Info.plist;
				LD_RUNPATH_SEARCH_PATHS = "$(inherited) @executable_path/Frameworks @loader_path/Frameworks";
				PRODUCT_BUNDLE_IDENTIFIER = "mattm1.First-ProjectTests";
				PRODUCT_NAME = "$(TARGET_NAME)";
				TEST_HOST = "$(BUILT_PRODUCTS_DIR)/First_Project.app/First_Project";
			};
			name = Release;
		};
		C177913B1BB5B3ED002D837E /* Debug */ = {
			isa = XCBuildConfiguration;
			buildSettings = {
				INFOPLIST_FILE = First_ProjectUITests/Info.plist;
				LD_RUNPATH_SEARCH_PATHS = "$(inherited) @executable_path/Frameworks @loader_path/Frameworks";
				PRODUCT_BUNDLE_IDENTIFIER = "mattm1.First-ProjectUITests";
				PRODUCT_NAME = "$(TARGET_NAME)";
				TEST_TARGET_NAME = First_Project;
				USES_XCTRUNNER = YES;
			};
			name = Debug;
		};
		C177913C1BB5B3ED002D837E /* Release */ = {
			isa = XCBuildConfiguration;
			buildSettings = {
				INFOPLIST_FILE = First_ProjectUITests/Info.plist;
				LD_RUNPATH_SEARCH_PATHS = "$(inherited) @executable_path/Frameworks @loader_path/Frameworks";
				PRODUCT_BUNDLE_IDENTIFIER = "mattm1.First-ProjectUITests";
				PRODUCT_NAME = "$(TARGET_NAME)";
				TEST_TARGET_NAME = First_Project;
				USES_XCTRUNNER = YES;
			};
			name = Release;
		};
/* End XCBuildConfiguration section */

/* Begin XCConfigurationList section */
		C17791071BB5B3ED002D837E /* Build configuration list for PBXProject "First_Project" */ = {
			isa = XCConfigurationList;
			buildConfigurations = (
				C17791321BB5B3ED002D837E /* Debug */,
				C17791331BB5B3ED002D837E /* Release */,
			);
			defaultConfigurationIsVisible = 0;
			defaultConfigurationName = Release;
		};
		C17791341BB5B3ED002D837E /* Build configuration list for PBXNativeTarget "First_Project" */ = {
			isa = XCConfigurationList;
			buildConfigurations = (
				C17791351BB5B3ED002D837E /* Debug */,
				C17791361BB5B3ED002D837E /* Release */,
			);
			defaultConfigurationIsVisible = 0;
			defaultConfigurationName = Release;
		};
		C17791371BB5B3ED002D837E /* Build configuration list for PBXNativeTarget "First_ProjectTests" */ = {
			isa = XCConfigurationList;
			buildConfigurations = (
				C17791381BB5B3ED002D837E /* Debug */,
				C17791391BB5B3ED002D837E /* Release */,
			);
			defaultConfigurationIsVisible = 0;
			defaultConfigurationName = Release;
		};
		C177913A1BB5B3ED002D837E /* Build configuration list for PBXNativeTarget "First_ProjectUITests" */ = {
			isa = XCConfigurationList;
			buildConfigurations = (
				C177913B1BB5B3ED002D837E /* Debug */,
				C177913C1BB5B3ED002D837E /* Release */,
			);
			defaultConfigurationIsVisible = 0;
			defaultConfigurationName = Release;
		};
/* End XCConfigurationList section */
	};
	rootObject = C17791041BB5B3ED002D837E /* Project object */;
}
